// !$*UTF8*$!
{
	archiveVersion = 1;
	classes = {
	};
	objectVersion = 46;
	objects = {

/* Begin PBXBuildFile section */
		6E0851601B6A3F85000B0900 /* AppDelegate.swift in Sources */ = {isa = PBXBuildFile; fileRef = 6E08515F1B6A3F85000B0900 /* AppDelegate.swift */; };
		6E0851621B6A3F85000B0900 /* ViewController.swift in Sources */ = {isa = PBXBuildFile; fileRef = 6E0851611B6A3F85000B0900 /* ViewController.swift */; };
		6E0851651B6A3F86000B0900 /* Main.storyboard in Resources */ = {isa = PBXBuildFile; fileRef = 6E0851631B6A3F86000B0900 /* Main.storyboard */; };
		6E0851671B6A3F86000B0900 /* Images.xcassets in Resources */ = {isa = PBXBuildFile; fileRef = 6E0851661B6A3F86000B0900 /* Images.xcassets */; };
		6E08516A1B6A3F86000B0900 /* LaunchScreen.xib in Resources */ = {isa = PBXBuildFile; fileRef = 6E0851681B6A3F86000B0900 /* LaunchScreen.xib */; };
		6E0851761B6A3F86000B0900 /* PhychologistTests.swift in Sources */ = {isa = PBXBuildFile; fileRef = 6E0851751B6A3F86000B0900 /* PhychologistTests.swift */; };
/* End PBXBuildFile section */

/* Begin PBXContainerItemProxy section */
		6E0851701B6A3F86000B0900 /* PBXContainerItemProxy */ = {
			isa = PBXContainerItemProxy;
			containerPortal = 6E0851521B6A3F85000B0900 /* Project object */;
			proxyType = 1;
			remoteGlobalIDString = 6E0851591B6A3F85000B0900;
			remoteInfo = Phychologist;
		};
/* End PBXContainerItemProxy section */

/* Begin PBXFileReference section */
		6E08515A1B6A3F85000B0900 /* Phychologist.app */ = {isa = PBXFileReference; explicitFileType = wrapper.application; includeInIndex = 0; path = Phychologist.app; sourceTree = BUILT_PRODUCTS_DIR; };
		6E08515E1B6A3F85000B0900 /* Info.plist */ = {isa = PBXFileReference; lastKnownFileType = text.plist.xml; path = Info.plist; sourceTree = "<group>"; };
		6E08515F1B6A3F85000B0900 /* AppDelegate.swift */ = {isa = PBXFileReference; lastKnownFileType = sourcecode.swift; path = AppDelegate.swift; sourceTree = "<group>"; };
		6E0851611B6A3F85000B0900 /* ViewController.swift */ = {isa = PBXFileReference; lastKnownFileType = sourcecode.swift; path = ViewController.swift; sourceTree = "<group>"; };
		6E0851641B6A3F86000B0900 /* Base */ = {isa = PBXFileReference; lastKnownFileType = file.storyboard; name = Base; path = Base.lproj/Main.storyboard; sourceTree = "<group>"; };
		6E0851661B6A3F86000B0900 /* Images.xcassets */ = {isa = PBXFileReference; lastKnownFileType = folder.assetcatalog; path = Images.xcassets; sourceTree = "<group>"; };
		6E0851691B6A3F86000B0900 /* Base */ = {isa = PBXFileReference; lastKnownFileType = file.xib; name = Base; path = Base.lproj/LaunchScreen.xib; sourceTree = "<group>"; };
		6E08516F1B6A3F86000B0900 /* PhychologistTests.xctest */ = {isa = PBXFileReference; explicitFileType = wrapper.cfbundle; includeInIndex = 0; path = PhychologistTests.xctest; sourceTree = BUILT_PRODUCTS_DIR; };
		6E0851741B6A3F86000B0900 /* Info.plist */ = {isa = PBXFileReference; lastKnownFileType = text.plist.xml; path = Info.plist; sourceTree = "<group>"; };
		6E0851751B6A3F86000B0900 /* PhychologistTests.swift */ = {isa = PBXFileReference; lastKnownFileType = sourcecode.swift; path = PhychologistTests.swift; sourceTree = "<group>"; };
/* End PBXFileReference section */

/* Begin PBXFrameworksBuildPhase section */
		6E0851571B6A3F85000B0900 /* Frameworks */ = {
			isa = PBXFrameworksBuildPhase;
			buildActionMask = 2147483647;
			files = (
			);
			runOnlyForDeploymentPostprocessing = 0;
		};
		6E08516C1B6A3F86000B0900 /* Frameworks */ = {
			isa = PBXFrameworksBuildPhase;
			buildActionMask = 2147483647;
			files = (
			);
			runOnlyForDeploymentPostprocessing = 0;
		};
/* End PBXFrameworksBuildPhase section */

/* Begin PBXGroup section */
		6E0851511B6A3F85000B0900 = {
			isa = PBXGroup;
			children = (
				6E08515C1B6A3F85000B0900 /* Phychologist */,
				6E0851721B6A3F86000B0900 /* PhychologistTests */,
				6E08515B1B6A3F85000B0900 /* Products */,
			);
			sourceTree = "<group>";
		};
		6E08515B1B6A3F85000B0900 /* Products */ = {
			isa = PBXGroup;
			children = (
				6E08515A1B6A3F85000B0900 /* Phychologist.app */,
				6E08516F1B6A3F86000B0900 /* PhychologistTests.xctest */,
			);
			name = Products;
			sourceTree = "<group>";
		};
		6E08515C1B6A3F85000B0900 /* Phychologist */ = {
			isa = PBXGroup;
			children = (
				6E08515F1B6A3F85000B0900 /* AppDelegate.swift */,
				6E0851611B6A3F85000B0900 /* ViewController.swift */,
				6E0851631B6A3F86000B0900 /* Main.storyboard */,
				6E0851661B6A3F86000B0900 /* Images.xcassets */,
				6E0851681B6A3F86000B0900 /* LaunchScreen.xib */,
				6E08515D1B6A3F85000B0900 /* Supporting Files */,
			);
			path = Phychologist;
			sourceTree = "<group>";
		};
		6E08515D1B6A3F85000B0900 /* Supporting Files */ = {
			isa = PBXGroup;
			children = (
				6E08515E1B6A3F85000B0900 /* Info.plist */,
			);
			name = "Supporting Files";
			sourceTree = "<group>";
		};
		6E0851721B6A3F86000B0900 /* PhychologistTests */ = {
			isa = PBXGroup;
			children = (
				6E0851751B6A3F86000B0900 /* PhychologistTests.swift */,
				6E0851731B6A3F86000B0900 /* Supporting Files */,
			);
			path = PhychologistTests;
			sourceTree = "<group>";
		};
		6E0851731B6A3F86000B0900 /* Supporting Files */ = {
			isa = PBXGroup;
			children = (
				6E0851741B6A3F86000B0900 /* Info.plist */,
			);
			name = "Supporting Files";
			sourceTree = "<group>";
		};
/* End PBXGroup section */

/* Begin PBXNativeTarget section */
		6E0851591B6A3F85000B0900 /* Phychologist */ = {
			isa = PBXNativeTarget;
			buildConfigurationList = 6E0851791B6A3F86000B0900 /* Build configuration list for PBXNativeTarget "Phychologist" */;
			buildPhases = (
				6E0851561B6A3F85000B0900 /* Sources */,
				6E0851571B6A3F85000B0900 /* Frameworks */,
				6E0851581B6A3F85000B0900 /* Resources */,
			);
			buildRules = (
			);
			dependencies = (
			);
			name = Phychologist;
			productName = Phychologist;
			productReference = 6E08515A1B6A3F85000B0900 /* Phychologist.app */;
			productType = "com.apple.product-type.application";
		};
		6E08516E1B6A3F86000B0900 /* PhychologistTests */ = {
			isa = PBXNativeTarget;
			buildConfigurationList = 6E08517C1B6A3F86000B0900 /* Build configuration list for PBXNativeTarget "PhychologistTests" */;
			buildPhases = (
				6E08516B1B6A3F86000B0900 /* Sources */,
				6E08516C1B6A3F86000B0900 /* Frameworks */,
				6E08516D1B6A3F86000B0900 /* Resources */,
			);
			buildRules = (
			);
			dependencies = (
				6E0851711B6A3F86000B0900 /* PBXTargetDependency */,
			);
			name = PhychologistTests;
			productName = PhychologistTests;
			productReference = 6E08516F1B6A3F86000B0900 /* PhychologistTests.xctest */;
			productType = "com.apple.product-type.bundle.unit-test";
		};
/* End PBXNativeTarget section */

/* Begin PBXProject section */
		6E0851521B6A3F85000B0900 /* Project object */ = {
			isa = PBXProject;
			attributes = {
				LastUpgradeCheck = 0630;
				ORGANIZATIONNAME = "李弋";
				TargetAttributes = {
					6E0851591B6A3F85000B0900 = {
						CreatedOnToolsVersion = 6.3;
					};
					6E08516E1B6A3F86000B0900 = {
						CreatedOnToolsVersion = 6.3;
						TestTargetID = 6E0851591B6A3F85000B0900;
					};
				};
			};
			buildConfigurationList = 6E0851551B6A3F85000B0900 /* Build configuration list for PBXProject "Phychologist" */;
			compatibilityVersion = "Xcode 3.2";
			developmentRegion = English;
			hasScannedForEncodings = 0;
			knownRegions = (
				en,
				Base,
			);
			mainGroup = 6E0851511B6A3F85000B0900;
			productRefGroup = 6E08515B1B6A3F85000B0900 /* Products */;
			projectDirPath = "";
			projectRoot = "";
			targets = (
				6E0851591B6A3F85000B0900 /* Phychologist */,
				6E08516E1B6A3F86000B0900 /* PhychologistTests */,
			);
		};
/* End PBXProject section */

/* Begin PBXResourcesBuildPhase section */
		6E0851581B6A3F85000B0900 /* Resources */ = {
			isa = PBXResourcesBuildPhase;
			buildActionMask = 2147483647;
			files = (
				6E0851651B6A3F86000B0900 /* Main.storyboard in Resources */,
				6E08516A1B6A3F86000B0900 /* LaunchScreen.xib in Resources */,
				6E0851671B6A3F86000B0900 /* Images.xcassets in Resources */,
			);
			runOnlyForDeploymentPostprocessing = 0;
		};
		6E08516D1B6A3F86000B0900 /* Resources */ = {
			isa = PBXResourcesBuildPhase;
			buildActionMask = 2147483647;
			files = (
			);
			runOnlyForDeploymentPostprocessing = 0;
		};
/* End PBXResourcesBuildPhase section */

/* Begin PBXSourcesBuildPhase section */
		6E0851561B6A3F85000B0900 /* Sources */ = {
			isa = PBXSourcesBuildPhase;
			buildActionMask = 2147483647;
			files = (
				6E0851621B6A3F85000B0900 /* ViewController.swift in Sources */,
				6E0851601B6A3F85000B0900 /* AppDelegate.swift in Sources */,
			);
			runOnlyForDeploymentPostprocessing = 0;
		};
		6E08516B1B6A3F86000B0900 /* Sources */ = {
			isa = PBXSourcesBuildPhase;
			buildActionMask = 2147483647;
			files = (
				6E0851761B6A3F86000B0900 /* PhychologistTests.swift in Sources */,
			);
			runOnlyForDeploymentPostprocessing = 0;
		};
/* End PBXSourcesBuildPhase section */

/* Begin PBXTargetDependency section */
		6E0851711B6A3F86000B0900 /* PBXTargetDependency */ = {
			isa = PBXTargetDependency;
			target = 6E0851591B6A3F85000B0900 /* Phychologist */;
			targetProxy = 6E0851701B6A3F86000B0900 /* PBXContainerItemProxy */;
		};
/* End PBXTargetDependency section */

/* Begin PBXVariantGroup section */
		6E0851631B6A3F86000B0900 /* Main.storyboard */ = {
			isa = PBXVariantGroup;
			children = (
				6E0851641B6A3F86000B0900 /* Base */,
			);
			name = Main.storyboard;
			sourceTree = "<group>";
		};
		6E0851681B6A3F86000B0900 /* LaunchScreen.xib */ = {
			isa = PBXVariantGroup;
			children = (
				6E0851691B6A3F86000B0900 /* Base */,
			);
			name = LaunchScreen.xib;
			sourceTree = "<group>";
		};
/* End PBXVariantGroup section */

/* Begin XCBuildConfiguration section */
		6E0851771B6A3F86000B0900 /* Debug */ = {
			isa = XCBuildConfiguration;
			buildSettings = {
				ALWAYS_SEARCH_USER_PATHS = NO;
				CLANG_CXX_LANGUAGE_STANDARD = "gnu++0x";
				CLANG_CXX_LIBRARY = "libc++";
				CLANG_ENABLE_MODULES = YES;
				CLANG_ENABLE_OBJC_ARC = YES;
				CLANG_WARN_BOOL_CONVERSION = YES;
				CLANG_WARN_CONSTANT_CONVERSION = YES;
				CLANG_WARN_DIRECT_OBJC_ISA_USAGE = YES_ERROR;
				CLANG_WARN_EMPTY_BODY = YES;
				CLANG_WARN_ENUM_CONVERSION = YES;
				CLANG_WARN_INT_CONVERSION = YES;
				CLANG_WARN_OBJC_ROOT_CLASS = YES_ERROR;
				CLANG_WARN_UNREACHABLE_CODE = YES;
				CLANG_WARN__DUPLICATE_METHOD_MATCH = YES;
				"CODE_SIGN_IDENTITY[sdk=iphoneos*]" = "iPhone Developer";
				COPY_PHASE_STRIP = NO;
				DEBUG_INFORMATION_FORMAT = "dwarf-with-dsym";
				ENABLE_STRICT_OBJC_MSGSEND = YES;
				GCC_C_LANGUAGE_STANDARD = gnu99;
				GCC_DYNAMIC_NO_PIC = NO;
				GCC_NO_COMMON_BLOCKS = YES;
				GCC_OPTIMIZATION_LEVEL = 0;
				GCC_PREPROCESSOR_DEFINITIONS = (
					"DEBUG=1",
					"$(inherited)",
				);
				GCC_SYMBOLS_PRIVATE_EXTERN = NO;
				GCC_WARN_64_TO_32_BIT_CONVERSION = YES;
				GCC_WARN_ABOUT_RETURN_TYPE = YES_ERROR;
				GCC_WARN_UNDECLARED_SELECTOR = YES;
				GCC_WARN_UNINITIALIZED_AUTOS = YES_AGGRESSIVE;
				GCC_WARN_UNUSED_FUNCTION = YES;
				GCC_WARN_UNUSED_VARIABLE = YES;
				IPHONEOS_DEPLOYMENT_TARGET = 8.3;
				MTL_ENABLE_DEBUG_INFO = YES;
				ONLY_ACTIVE_ARCH = YES;
				SDKROOT = iphoneos;
				SWIFT_OPTIMIZATION_LEVEL = "-Onone";
				TARGETED_DEVICE_FAMILY = "1,2";
			};
			name = Debug;
		};
		6E0851781B6A3F86000B0900 /* Release */ = {
			isa = XCBuildConfiguration;
			buildSettings = {
				ALWAYS_SEARCH_USER_PATHS = NO;
				CLANG_CXX_LANGUAGE_STANDARD = "gnu++0x";
				CLANG_CXX_LIBRARY = "libc++";
				CLANG_ENABLE_MODULES = YES;
				CLANG_ENABLE_OBJC_ARC = YES;
				CLANG_WARN_BOOL_CONVERSION = YES;
				CLANG_WARN_CONSTANT_CONVERSION = YES;
				CLANG_WARN_DIRECT_OBJC_ISA_USAGE = YES_ERROR;
				CLANG_WARN_EMPTY_BODY = YES;
				CLANG_WARN_ENUM_CONVERSION = YES;
				CLANG_WARN_INT_CONVERSION = YES;
				CLANG_WARN_OBJC_ROOT_CLASS = YES_ERROR;
				CLANG_WARN_UNREACHABLE_CODE = YES;
				CLANG_WARN__DUPLICATE_METHOD_MATCH = YES;
				"CODE_SIGN_IDENTITY[sdk=iphoneos*]" = "iPhone Developer";
				COPY_PHASE_STRIP = NO;
				DEBUG_INFORMATION_FORMAT = "dwarf-with-dsym";
				ENABLE_NS_ASSERTIONS = NO;
				ENABLE_STRICT_OBJC_MSGSEND = YES;
				GCC_C_LANGUAGE_STANDARD = gnu99;
				GCC_NO_COMMON_BLOCKS = YES;
				GCC_WARN_64_TO_32_BIT_CONVERSION = YES;
				GCC_WARN_ABOUT_RETURN_TYPE = YES_ERROR;
				GCC_WARN_UNDECLARED_SELECTOR = YES;
				GCC_WARN_UNINITIALIZED_AUTOS = YES_AGGRESSIVE;
				GCC_WARN_UNUSED_FUNCTION = YES;
				GCC_WARN_UNUSED_VARIABLE = YES;
				IPHONEOS_DEPLOYMENT_TARGET = 8.3;
				MTL_ENABLE_DEBUG_INFO = NO;
				SDKROOT = iphoneos;
				TARGETED_DEVICE_FAMILY = "1,2";
				VALIDATE_PRODUCT = YES;
			};
			name = Release;
		};
		6E08517A1B6A3F86000B0900 /* Debug */ = {
			isa = XCBuildConfiguration;
			buildSettings = {
				ASSETCATALOG_COMPILER_APPICON_NAME = AppIcon;
				INFOPLIST_FILE = Phychologist/Info.plist;
				LD_RUNPATH_SEARCH_PATHS = "$(inherited) @executable_path/Frameworks";
				PRODUCT_NAME = "$(TARGET_NAME)";
			};
			name = Debug;
		};
		6E08517B1B6A3F86000B0900 /* Release */ = {
			isa = XCBuildConfiguration;
			buildSettings = {
				ASSETCATALOG_COMPILER_APPICON_NAME = AppIcon;
				INFOPLIST_FILE = Phychologist/Info.plist;
				LD_RUNPATH_SEARCH_PATHS = "$(inherited) @executable_path/Frameworks";
				PRODUCT_NAME = "$(TARGET_NAME)";
			};
			name = Release;
		};
		6E08517D1B6A3F86000B0900 /* Debug */ = {
			isa = XCBuildConfiguration;
			buildSettings = {
				BUNDLE_LOADER = "$(TEST_HOST)";
				FRAMEWORK_SEARCH_PATHS = (
					"$(SDKROOT)/Developer/Library/Frameworks",
					"$(inherited)",
				);
				GCC_PREPROCESSOR_DEFINITIONS = (
					"DEBUG=1",
					"$(inherited)",
				);
				INFOPLIST_FILE = PhychologistTests/Info.plist;
				LD_RUNPATH_SEARCH_PATHS = "$(inherited) @executable_path/Frameworks @loader_path/Frameworks";
				PRODUCT_NAME = "$(TARGET_NAME)";
				TEST_HOST = "$(BUILT_PRODUCTS_DIR)/Phychologist.app/Phychologist";
			};
			name = Debug;
		};
		6E08517E1B6A3F86000B0900 /* Release */ = {
			isa = XCBuildConfiguration;
			buildSettings = {
				BUNDLE_LOADER = "$(TEST_HOST)";
				FRAMEWORK_SEARCH_PATHS = (
					"$(SDKROOT)/Developer/Library/Frameworks",
					"$(inherited)",
				);
				INFOPLIST_FILE = PhychologistTests/Info.plist;
				LD_RUNPATH_SEARCH_PATHS = "$(inherited) @executable_path/Frameworks @loader_path/Frameworks";
				PRODUCT_NAME = "$(TARGET_NAME)";
				TEST_HOST = "$(BUILT_PRODUCTS_DIR)/Phychologist.app/Phychologist";
			};
			name = Release;
		};
/* End XCBuildConfiguration section */

/* Begin XCConfigurationList section */
		6E0851551B6A3F85000B0900 /* Build configuration list for PBXProject "Phychologist" */ = {
			isa = XCConfigurationList;
			buildConfigurations = (
				6E0851771B6A3F86000B0900 /* Debug */,
				6E0851781B6A3F86000B0900 /* Release */,
			);
			defaultConfigurationIsVisible = 0;
			defaultConfigurationName = Release;
		};
		6E0851791B6A3F86000B0900 /* Build configuration list for PBXNativeTarget "Phychologist" */ = {
			isa = XCConfigurationList;
			buildConfigurations = (
				6E08517A1B6A3F86000B0900 /* Debug */,
				6E08517B1B6A3F86000B0900 /* Release */,
			);
			defaultConfigurationIsVisible = 0;
		};
		6E08517C1B6A3F86000B0900 /* Build configuration list for PBXNativeTarget "PhychologistTests" */ = {
			isa = XCConfigurationList;
			buildConfigurations = (
				6E08517D1B6A3F86000B0900 /* Debug */,
				6E08517E1B6A3F86000B0900 /* Release */,
			);
			defaultConfigurationIsVisible = 0;
		};
/* End XCConfigurationList section */
	};
	rootObject = 6E0851521B6A3F85000B0900 /* Project object */;
}
